// !$*UTF8*$!
{
	archiveVersion = 1;
	classes = {
	};
	objectVersion = 55;
	objects = {

/* Begin PBXBuildFile section */
		A443CB4D295B12D0006F8082 /* AppDelegate.swift in Sources */ = {isa = PBXBuildFile; fileRef = A443CB4C295B12D0006F8082 /* AppDelegate.swift */; };
		A443CB4F295B12D0006F8082 /* SceneDelegate.swift in Sources */ = {isa = PBXBuildFile; fileRef = A443CB4E295B12D0006F8082 /* SceneDelegate.swift */; };
		A443CB51295B12D0006F8082 /* TabBarController.swift in Sources */ = {isa = PBXBuildFile; fileRef = A443CB50295B12D0006F8082 /* TabBarController.swift */; };
		A443CB59295B12D2006F8082 /* LaunchScreen.storyboard in Resources */ = {isa = PBXBuildFile; fileRef = A443CB57295B12D2006F8082 /* LaunchScreen.storyboard */; };
		A443CB62295B21A6006F8082 /* HabitsViewController.swift in Sources */ = {isa = PBXBuildFile; fileRef = A443CB61295B21A6006F8082 /* HabitsViewController.swift */; };
		A443CB64295B21C7006F8082 /* InfoViewController.swift in Sources */ = {isa = PBXBuildFile; fileRef = A443CB63295B21C7006F8082 /* InfoViewController.swift */; };
		A443CB68295B35AF006F8082 /* HabitViewController.swift in Sources */ = {isa = PBXBuildFile; fileRef = A443CB67295B35AF006F8082 /* HabitViewController.swift */; };
		A4623103295F190E00C84570 /* HabitDate.swift in Sources */ = {isa = PBXBuildFile; fileRef = A4623102295F190E00C84570 /* HabitDate.swift */; };
		A49D60FF296C985F00AF607A /* AppIcon.xcassets in Resources */ = {isa = PBXBuildFile; fileRef = A49D60FE296C985F00AF607A /* AppIcon.xcassets */; };
		A4AFE8F8295DA119000D2895 /* HabitCollectionViewCell.swift in Sources */ = {isa = PBXBuildFile; fileRef = A4AFE8F7295DA119000D2895 /* HabitCollectionViewCell.swift */; };
		A4AFE8FA295DB1BB000D2895 /* ProgresHabitCollectionViewCell.swift in Sources */ = {isa = PBXBuildFile; fileRef = A4AFE8F9295DB1BA000D2895 /* ProgresHabitCollectionViewCell.swift */; };
		A4AFE901295DC23B000D2895 /* HabitDetailsViewController.swift in Sources */ = {isa = PBXBuildFile; fileRef = A4AFE900295DC23B000D2895 /* HabitDetailsViewController.swift */; };
/* End PBXBuildFile section */

/* Begin PBXFileReference section */
		A443CB49295B12D0006F8082 /* MyHabits.app */ = {isa = PBXFileReference; explicitFileType = wrapper.application; includeInIndex = 0; path = MyHabits.app; sourceTree = BUILT_PRODUCTS_DIR; };
		A443CB4C295B12D0006F8082 /* AppDelegate.swift */ = {isa = PBXFileReference; lastKnownFileType = sourcecode.swift; path = AppDelegate.swift; sourceTree = "<group>"; };
		A443CB4E295B12D0006F8082 /* SceneDelegate.swift */ = {isa = PBXFileReference; lastKnownFileType = sourcecode.swift; path = SceneDelegate.swift; sourceTree = "<group>"; };
		A443CB50295B12D0006F8082 /* TabBarController.swift */ = {isa = PBXFileReference; lastKnownFileType = sourcecode.swift; path = TabBarController.swift; sourceTree = "<group>"; };
		A443CB58295B12D2006F8082 /* Base */ = {isa = PBXFileReference; lastKnownFileType = file.storyboard; name = Base; path = Base.lproj/LaunchScreen.storyboard; sourceTree = "<group>"; };
		A443CB5A295B12D2006F8082 /* Info.plist */ = {isa = PBXFileReference; lastKnownFileType = text.plist.xml; path = Info.plist; sourceTree = "<group>"; };
		A443CB61295B21A6006F8082 /* HabitsViewController.swift */ = {isa = PBXFileReference; lastKnownFileType = sourcecode.swift; path = HabitsViewController.swift; sourceTree = "<group>"; };
		A443CB63295B21C7006F8082 /* InfoViewController.swift */ = {isa = PBXFileReference; lastKnownFileType = sourcecode.swift; path = InfoViewController.swift; sourceTree = "<group>"; };
		A443CB67295B35AF006F8082 /* HabitViewController.swift */ = {isa = PBXFileReference; lastKnownFileType = sourcecode.swift; path = HabitViewController.swift; sourceTree = "<group>"; };
		A4623102295F190E00C84570 /* HabitDate.swift */ = {isa = PBXFileReference; lastKnownFileType = sourcecode.swift; path = HabitDate.swift; sourceTree = "<group>"; };
		A49D60FE296C985F00AF607A /* AppIcon.xcassets */ = {isa = PBXFileReference; lastKnownFileType = folder.assetcatalog; path = AppIcon.xcassets; sourceTree = "<group>"; };
		A4AFE8F7295DA119000D2895 /* HabitCollectionViewCell.swift */ = {isa = PBXFileReference; lastKnownFileType = sourcecode.swift; path = HabitCollectionViewCell.swift; sourceTree = "<group>"; };
		A4AFE8F9295DB1BA000D2895 /* ProgresHabitCollectionViewCell.swift */ = {isa = PBXFileReference; lastKnownFileType = sourcecode.swift; path = ProgresHabitCollectionViewCell.swift; sourceTree = "<group>"; };
		A4AFE900295DC23B000D2895 /* HabitDetailsViewController.swift */ = {isa = PBXFileReference; lastKnownFileType = sourcecode.swift; path = HabitDetailsViewController.swift; sourceTree = "<group>"; };
/* End PBXFileReference section */

/* Begin PBXFrameworksBuildPhase section */
		A443CB46295B12D0006F8082 /* Frameworks */ = {
			isa = PBXFrameworksBuildPhase;
			buildActionMask = 2147483647;
			files = (
			);
			runOnlyForDeploymentPostprocessing = 0;
		};
/* End PBXFrameworksBuildPhase section */

/* Begin PBXGroup section */
		A443CB40295B12CF006F8082 = {
			isa = PBXGroup;
			children = (
				A443CB4B295B12D0006F8082 /* MyHabits */,
				A443CB4A295B12D0006F8082 /* Products */,
			);
			sourceTree = "<group>";
		};
		A443CB4A295B12D0006F8082 /* Products */ = {
			isa = PBXGroup;
			children = (
				A443CB49295B12D0006F8082 /* MyHabits.app */,
			);
			name = Products;
			sourceTree = "<group>";
		};
		A443CB4B295B12D0006F8082 /* MyHabits */ = {
			isa = PBXGroup;
			children = (
				A4623101295F18AE00C84570 /* HabitDate */,
				A443CB60295B1DDB006F8082 /* Aplication */,
				A4C51D74295D594C0001B8F5 /* TabBarController */,
				A4C51D71295D58EC0001B8F5 /* Habits */,
				A4C51D72295D58FE0001B8F5 /* Info */,
				A443CB57295B12D2006F8082 /* LaunchScreen.storyboard */,
				A49D60FE296C985F00AF607A /* AppIcon.xcassets */,
				A443CB5A295B12D2006F8082 /* Info.plist */,
			);
			path = MyHabits;
			sourceTree = "<group>";
		};
		A443CB60295B1DDB006F8082 /* Aplication */ = {
			isa = PBXGroup;
			children = (
				A443CB4C295B12D0006F8082 /* AppDelegate.swift */,
				A443CB4E295B12D0006F8082 /* SceneDelegate.swift */,
			);
			path = Aplication;
			sourceTree = "<group>";
		};
		A4623101295F18AE00C84570 /* HabitDate */ = {
			isa = PBXGroup;
			children = (
				A4623102295F190E00C84570 /* HabitDate.swift */,
			);
			path = HabitDate;
			sourceTree = "<group>";
		};
		A4AFE8FB295DBB7A000D2895 /* HabitsCollectionView */ = {
			isa = PBXGroup;
			children = (
				A443CB61295B21A6006F8082 /* HabitsViewController.swift */,
				A4AFE8F9295DB1BA000D2895 /* ProgresHabitCollectionViewCell.swift */,
				A4AFE8F7295DA119000D2895 /* HabitCollectionViewCell.swift */,
			);
			path = HabitsCollectionView;
			sourceTree = "<group>";
		};
		A4AFE8FE295DC15D000D2895 /* addNewHabit */ = {
			isa = PBXGroup;
			children = (
				A443CB67295B35AF006F8082 /* HabitViewController.swift */,
			);
			path = addNewHabit;
			sourceTree = "<group>";
		};
		A4AFE8FF295DC201000D2895 /* HabitDetails */ = {
			isa = PBXGroup;
			children = (
				A4AFE900295DC23B000D2895 /* HabitDetailsViewController.swift */,
			);
			path = HabitDetails;
			sourceTree = "<group>";
		};
		A4C51D71295D58EC0001B8F5 /* Habits */ = {
			isa = PBXGroup;
			children = (
				A4AFE8FB295DBB7A000D2895 /* HabitsCollectionView */,
				A4AFE8FE295DC15D000D2895 /* addNewHabit */,
				A4AFE8FF295DC201000D2895 /* HabitDetails */,
			);
			path = Habits;
			sourceTree = "<group>";
		};
		A4C51D72295D58FE0001B8F5 /* Info */ = {
			isa = PBXGroup;
			children = (
				A443CB63295B21C7006F8082 /* InfoViewController.swift */,
			);
			path = Info;
			sourceTree = "<group>";
		};
		A4C51D74295D594C0001B8F5 /* TabBarController */ = {
			isa = PBXGroup;
			children = (
				A443CB50295B12D0006F8082 /* TabBarController.swift */,
			);
			path = TabBarController;
			sourceTree = "<group>";
		};
/* End PBXGroup section */

/* Begin PBXNativeTarget section */
		A443CB48295B12D0006F8082 /* MyHabits */ = {
			isa = PBXNativeTarget;
			buildConfigurationList = A443CB5D295B12D2006F8082 /* Build configuration list for PBXNativeTarget "MyHabits" */;
			buildPhases = (
				A443CB45295B12D0006F8082 /* Sources */,
				A443CB46295B12D0006F8082 /* Frameworks */,
				A443CB47295B12D0006F8082 /* Resources */,
			);
			buildRules = (
			);
			dependencies = (
			);
			name = MyHabits;
			productName = MyHabits;
			productReference = A443CB49295B12D0006F8082 /* MyHabits.app */;
			productType = "com.apple.product-type.application";
		};
/* End PBXNativeTarget section */

/* Begin PBXProject section */
		A443CB41295B12CF006F8082 /* Project object */ = {
			isa = PBXProject;
			attributes = {
				BuildIndependentTargetsInParallel = 1;
				LastSwiftUpdateCheck = 1340;
				LastUpgradeCheck = 1340;
				TargetAttributes = {
					A443CB48295B12D0006F8082 = {
						CreatedOnToolsVersion = 13.4.1;
					};
				};
			};
			buildConfigurationList = A443CB44295B12CF006F8082 /* Build configuration list for PBXProject "MyHabits" */;
			compatibilityVersion = "Xcode 13.0";
			developmentRegion = en;
			hasScannedForEncodings = 0;
			knownRegions = (
				en,
				Base,
			);
			mainGroup = A443CB40295B12CF006F8082;
			productRefGroup = A443CB4A295B12D0006F8082 /* Products */;
			projectDirPath = "";
			projectRoot = "";
			targets = (
				A443CB48295B12D0006F8082 /* MyHabits */,
			);
		};
/* End PBXProject section */

/* Begin PBXResourcesBuildPhase section */
		A443CB47295B12D0006F8082 /* Resources */ = {
			isa = PBXResourcesBuildPhase;
			buildActionMask = 2147483647;
			files = (
				A49D60FF296C985F00AF607A /* AppIcon.xcassets in Resources */,
				A443CB59295B12D2006F8082 /* LaunchScreen.storyboard in Resources */,
			);
			runOnlyForDeploymentPostprocessing = 0;
		};
/* End PBXResourcesBuildPhase section */

/* Begin PBXSourcesBuildPhase section */
		A443CB45295B12D0006F8082 /* Sources */ = {
			isa = PBXSourcesBuildPhase;
			buildActionMask = 2147483647;
			files = (
				A4AFE8FA295DB1BB000D2895 /* ProgresHabitCollectionViewCell.swift in Sources */,
				A443CB51295B12D0006F8082 /* TabBarController.swift in Sources */,
				A443CB68295B35AF006F8082 /* HabitViewController.swift in Sources */,
				A4AFE8F8295DA119000D2895 /* HabitCollectionViewCell.swift in Sources */,
				A4623103295F190E00C84570 /* HabitDate.swift in Sources */,
				A443CB4D295B12D0006F8082 /* AppDelegate.swift in Sources */,
				A443CB4F295B12D0006F8082 /* SceneDelegate.swift in Sources */,
				A443CB62295B21A6006F8082 /* HabitsViewController.swift in Sources */,
				A4AFE901295DC23B000D2895 /* HabitDetailsViewController.swift in Sources */,
				A443CB64295B21C7006F8082 /* InfoViewController.swift in Sources */,
			);
			runOnlyForDeploymentPostprocessing = 0;
		};
/* End PBXSourcesBuildPhase section */

/* Begin PBXVariantGroup section */
		A443CB57295B12D2006F8082 /* LaunchScreen.storyboard */ = {
			isa = PBXVariantGroup;
			children = (
				A443CB58295B12D2006F8082 /* Base */,
			);
			name = LaunchScreen.storyboard;
			sourceTree = "<group>";
		};
/* End PBXVariantGroup section */

/* Begin XCBuildConfiguration section */
		A443CB5B295B12D2006F8082 /* Debug */ = {
			isa = XCBuildConfiguration;
			buildSettings = {
				ALWAYS_SEARCH_USER_PATHS = NO;
				CLANG_ANALYZER_NONNULL = YES;
				CLANG_ANALYZER_NUMBER_OBJECT_CONVERSION = YES_AGGRESSIVE;
				CLANG_CXX_LANGUAGE_STANDARD = "gnu++17";
				CLANG_ENABLE_MODULES = YES;
				CLANG_ENABLE_OBJC_ARC = YES;
				CLANG_ENABLE_OBJC_WEAK = YES;
				CLANG_WARN_BLOCK_CAPTURE_AUTORELEASING = YES;
				CLANG_WARN_BOOL_CONVERSION = YES;
				CLANG_WARN_COMMA = YES;
				CLANG_WARN_CONSTANT_CONVERSION = YES;
				CLANG_WARN_DEPRECATED_OBJC_IMPLEMENTATIONS = YES;
				CLANG_WARN_DIRECT_OBJC_ISA_USAGE = YES_ERROR;
				CLANG_WARN_DOCUMENTATION_COMMENTS = YES;
				CLANG_WARN_EMPTY_BODY = YES;
				CLANG_WARN_ENUM_CONVERSION = YES;
				CLANG_WARN_INFINITE_RECURSION = YES;
				CLANG_WARN_INT_CONVERSION = YES;
				CLANG_WARN_NON_LITERAL_NULL_CONVERSION = YES;
				CLANG_WARN_OBJC_IMPLICIT_RETAIN_SELF = YES;
				CLANG_WARN_OBJC_LITERAL_CONVERSION = YES;
				CLANG_WARN_OBJC_ROOT_CLASS = YES_ERROR;
				CLANG_WARN_QUOTED_INCLUDE_IN_FRAMEWORK_HEADER = YES;
				CLANG_WARN_RANGE_LOOP_ANALYSIS = YES;
				CLANG_WARN_STRICT_PROTOTYPES = YES;
				CLANG_WARN_SUSPICIOUS_MOVE = YES;
				CLANG_WARN_UNGUARDED_AVAILABILITY = YES_AGGRESSIVE;
				CLANG_WARN_UNREACHABLE_CODE = YES;
				CLANG_WARN__DUPLICATE_METHOD_MATCH = YES;
				COPY_PHASE_STRIP = NO;
				DEBUG_INFORMATION_FORMAT = dwarf;
				ENABLE_STRICT_OBJC_MSGSEND = YES;
				ENABLE_TESTABILITY = YES;
				GCC_C_LANGUAGE_STANDARD = gnu11;
				GCC_DYNAMIC_NO_PIC = NO;
				GCC_NO_COMMON_BLOCKS = YES;
				GCC_OPTIMIZATION_LEVEL = 0;
				GCC_PREPROCESSOR_DEFINITIONS = (
					"DEBUG=1",
					"$(inherited)",
				);
				GCC_WARN_64_TO_32_BIT_CONVERSION = YES;
				GCC_WARN_ABOUT_RETURN_TYPE = YES_ERROR;
				GCC_WARN_UNDECLARED_SELECTOR = YES;
				GCC_WARN_UNINITIALIZED_AUTOS = YES_AGGRESSIVE;
				GCC_WARN_UNUSED_FUNCTION = YES;
				GCC_WARN_UNUSED_VARIABLE = YES;
				IPHONEOS_DEPLOYMENT_TARGET = 15.5;
				MTL_ENABLE_DEBUG_INFO = INCLUDE_SOURCE;
				MTL_FAST_MATH = YES;
				ONLY_ACTIVE_ARCH = YES;
				SDKROOT = iphoneos;
				SWIFT_ACTIVE_COMPILATION_CONDITIONS = DEBUG;
				SWIFT_OPTIMIZATION_LEVEL = "-Onone";
			};
			name = Debug;
		};
		A443CB5C295B12D2006F8082 /* Release */ = {
			isa = XCBuildConfiguration;
			buildSettings = {
				ALWAYS_SEARCH_USER_PATHS = NO;
				CLANG_ANALYZER_NONNULL = YES;
				CLANG_ANALYZER_NUMBER_OBJECT_CONVERSION = YES_AGGRESSIVE;
				CLANG_CXX_LANGUAGE_STANDARD = "gnu++17";
				CLANG_ENABLE_MODULES = YES;
				CLANG_ENABLE_OBJC_ARC = YES;
				CLANG_ENABLE_OBJC_WEAK = YES;
				CLANG_WARN_BLOCK_CAPTURE_AUTORELEASING = YES;
				CLANG_WARN_BOOL_CONVERSION = YES;
				CLANG_WARN_COMMA = YES;
				CLANG_WARN_CONSTANT_CONVERSION = YES;
				CLANG_WARN_DEPRECATED_OBJC_IMPLEMENTATIONS = YES;
				CLANG_WARN_DIRECT_OBJC_ISA_USAGE = YES_ERROR;
				CLANG_WARN_DOCUMENTATION_COMMENTS = YES;
				CLANG_WARN_EMPTY_BODY = YES;
				CLANG_WARN_ENUM_CONVERSION = YES;
				CLANG_WARN_INFINITE_RECURSION = YES;
				CLANG_WARN_INT_CONVERSION = YES;
				CLANG_WARN_NON_LITERAL_NULL_CONVERSION = YES;
				CLANG_WARN_OBJC_IMPLICIT_RETAIN_SELF = YES;
				CLANG_WARN_OBJC_LITERAL_CONVERSION = YES;
				CLANG_WARN_OBJC_ROOT_CLASS = YES_ERROR;
				CLANG_WARN_QUOTED_INCLUDE_IN_FRAMEWORK_HEADER = YES;
				CLANG_WARN_RANGE_LOOP_ANALYSIS = YES;
				CLANG_WARN_STRICT_PROTOTYPES = YES;
				CLANG_WARN_SUSPICIOUS_MOVE = YES;
				CLANG_WARN_UNGUARDED_AVAILABILITY = YES_AGGRESSIVE;
				CLANG_WARN_UNREACHABLE_CODE = YES;
				CLANG_WARN__DUPLICATE_METHOD_MATCH = YES;
				COPY_PHASE_STRIP = NO;
				DEBUG_INFORMATION_FORMAT = "dwarf-with-dsym";
				ENABLE_NS_ASSERTIONS = NO;
				ENABLE_STRICT_OBJC_MSGSEND = YES;
				GCC_C_LANGUAGE_STANDARD = gnu11;
				GCC_NO_COMMON_BLOCKS = YES;
				GCC_WARN_64_TO_32_BIT_CONVERSION = YES;
				GCC_WARN_ABOUT_RETURN_TYPE = YES_ERROR;
				GCC_WARN_UNDECLARED_SELECTOR = YES;
				GCC_WARN_UNINITIALIZED_AUTOS = YES_AGGRESSIVE;
				GCC_WARN_UNUSED_FUNCTION = YES;
				GCC_WARN_UNUSED_VARIABLE = YES;
				IPHONEOS_DEPLOYMENT_TARGET = 15.5;
				MTL_ENABLE_DEBUG_INFO = NO;
				MTL_FAST_MATH = YES;
				SDKROOT = iphoneos;
				SWIFT_COMPILATION_MODE = wholemodule;
				SWIFT_OPTIMIZATION_LEVEL = "-O";
				VALIDATE_PRODUCT = YES;
			};
			name = Release;
		};
		A443CB5E295B12D2006F8082 /* Debug */ = {
			isa = XCBuildConfiguration;
			buildSettings = {
				ASSETCATALOG_COMPILER_APPICON_NAME = AppIcon;
				ASSETCATALOG_COMPILER_GLOBAL_ACCENT_COLOR_NAME = AccentColor;
				CODE_SIGN_STYLE = Automatic;
				CURRENT_PROJECT_VERSION = 1;
				GENERATE_INFOPLIST_FILE = YES;
				INFOPLIST_FILE = MyHabits/Info.plist;
				INFOPLIST_KEY_UIApplicationSupportsIndirectInputEvents = YES;
				INFOPLIST_KEY_UILaunchStoryboardName = LaunchScreen;
				INFOPLIST_KEY_UISupportedInterfaceOrientations_iPad = "UIInterfaceOrientationPortrait UIInterfaceOrientationPortraitUpsideDown UIInterfaceOrientationLandscapeLeft UIInterfaceOrientationLandscapeRight";
				INFOPLIST_KEY_UISupportedInterfaceOrientations_iPhone = "UIInterfaceOrientationPortrait UIInterfaceOrientationLandscapeLeft UIInterfaceOrientationLandscapeRight";
				LD_RUNPATH_SEARCH_PATHS = (
					"$(inherited)",
					"@executable_path/Frameworks",
				);
				MARKETING_VERSION = 1.0;
				PRODUCT_BUNDLE_IDENTIFIER = is.leason.MyHabits;
				PRODUCT_NAME = "$(TARGET_NAME)";
				SWIFT_EMIT_LOC_STRINGS = YES;
				SWIFT_VERSION = 5.0;
				TARGETED_DEVICE_FAMILY = "1,2";
			};
			name = Debug;
		};
		A443CB5F295B12D2006F8082 /* Release */ = {
			isa = XCBuildConfiguration;
			buildSettings = {
				ASSETCATALOG_COMPILER_APPICON_NAME = AppIcon;
				ASSETCATALOG_COMPILER_GLOBAL_ACCENT_COLOR_NAME = AccentColor;
				CODE_SIGN_STYLE = Automatic;
				CURRENT_PROJECT_VERSION = 1;
				GENERATE_INFOPLIST_FILE = YES;
				INFOPLIST_FILE = MyHabits/Info.plist;
				INFOPLIST_KEY_UIApplicationSupportsIndirectInputEvents = YES;
				INFOPLIST_KEY_UILaunchStoryboardName = LaunchScreen;
				INFOPLIST_KEY_UISupportedInterfaceOrientations_iPad = "UIInterfaceOrientationPortrait UIInterfaceOrientationPortraitUpsideDown UIInterfaceOrientationLandscapeLeft UIInterfaceOrientationLandscapeRight";
				INFOPLIST_KEY_UISupportedInterfaceOrientations_iPhone = "UIInterfaceOrientationPortrait UIInterfaceOrientationLandscapeLeft UIInterfaceOrientationLandscapeRight";
				LD_RUNPATH_SEARCH_PATHS = (
					"$(inherited)",
					"@executable_path/Frameworks",
				);
				MARKETING_VERSION = 1.0;
				PRODUCT_BUNDLE_IDENTIFIER = is.leason.MyHabits;
				PRODUCT_NAME = "$(TARGET_NAME)";
				SWIFT_EMIT_LOC_STRINGS = YES;
				SWIFT_VERSION = 5.0;
				TARGETED_DEVICE_FAMILY = "1,2";
			};
			name = Release;
		};
/* End XCBuildConfiguration section */

/* Begin XCConfigurationList section */
		A443CB44295B12CF006F8082 /* Build configuration list for PBXProject "MyHabits" */ = {
			isa = XCConfigurationList;
			buildConfigurations = (
				A443CB5B295B12D2006F8082 /* Debug */,
				A443CB5C295B12D2006F8082 /* Release */,
			);
			defaultConfigurationIsVisible = 0;
			defaultConfigurationName = Release;
		};
		A443CB5D295B12D2006F8082 /* Build configuration list for PBXNativeTarget "MyHabits" */ = {
			isa = XCConfigurationList;
			buildConfigurations = (
				A443CB5E295B12D2006F8082 /* Debug */,
				A443CB5F295B12D2006F8082 /* Release */,
			);
			defaultConfigurationIsVisible = 0;
			defaultConfigurationName = Release;
		};
/* End XCConfigurationList section */
	};
	rootObject = A443CB41295B12CF006F8082 /* Project object */;
}
